
Microsoft Visual Studio Solution File, Format Version 12.00
# Visual Studio Version 17
VisualStudioVersion = 17.8.34330.188
MinimumVisualStudioVersion = 10.0.40219.1
Project("{9A19103F-16F7-4668-BE54-9A1E7A4F7556}") = "Moonad", "src\Moonad.csproj", "{C001C5D7-8016-4816-8CE4-C8A7E4CE0F0C}"
EndProject
Project("{9A19103F-16F7-4668-BE54-9A1E7A4F7556}") = "Moonad.Tests", "test\Moonad.Tests.csproj", "{E1F0AEFC-D568-4D43-B828-C161ECC42FDF}"
EndProject
Project("{2150E333-8FDC-42A3-9474-1A3956D46DE8}") = "Resources", "Resources", "{3A05B550-8B6F-468C-AC3C-5BA58F008E00}"
	ProjectSection(SolutionItems) = preProject
		README.md = README.md
	EndProjectSection
EndProject
Global
	GlobalSection(SolutionConfigurationPlatforms) = preSolution
		Debug|Any CPU = Debug|Any CPU
		Release|Any CPU = Release|Any CPU
	EndGlobalSection
	GlobalSection(ProjectConfigurationPlatforms) = postSolution
		{C001C5D7-8016-4816-8CE4-C8A7E4CE0F0C}.Debug|Any CPU.ActiveCfg = Debug|Any CPU
		{C001C5D7-8016-4816-8CE4-C8A7E4CE0F0C}.Debug|Any CPU.Build.0 = Debug|Any CPU
		{C001C5D7-8016-4816-8CE4-C8A7E4CE0F0C}.Release|Any CPU.ActiveCfg = Release|Any CPU
		{C001C5D7-8016-4816-8CE4-C8A7E4CE0F0C}.Release|Any CPU.Build.0 = Release|Any CPU
		{E1F0AEFC-D568-4D43-B828-C161ECC42FDF}.Debug|Any CPU.ActiveCfg = Debug|Any CPU
		{E1F0AEFC-D568-4D43-B828-C161ECC42FDF}.Debug|Any CPU.Build.0 = Debug|Any CPU
		{E1F0AEFC-D568-4D43-B828-C161ECC42FDF}.Release|Any CPU.ActiveCfg = Release|Any CPU
		{E1F0AEFC-D568-4D43-B828-C161ECC42FDF}.Release|Any CPU.Build.0 = Release|Any CPU
	EndGlobalSection
	GlobalSection(SolutionProperties) = preSolution
		HideSolutionNode = FALSE
	EndGlobalSection
	GlobalSection(ExtensibilityGlobals) = postSolution
		SolutionGuid = {A6EA4CA0-2CB8-4367-BA11-83023A43975A}
	EndGlobalSection
EndGlobal
